
Microsoft Visual Studio Solution File, Format Version 12.00
# Visual Studio 2013
VisualStudioVersion = 12.0.40629.0
MinimumVisualStudioVersion = 10.0.40219.1
Project("{FAE04EC0-301F-11D3-BF4B-00C04F79EFBC}") = "KeyshawnPo.Helper.Lib", "KeyshawnPo.Helper.Lib\KeyshawnPo.Helper.Lib.csproj", "{4E7C45AC-AC71-46AB-801D-908C7DC5EF97}"
EndProject
Project("{FAE04EC0-301F-11D3-BF4B-00C04F79EFBC}") = "KeyshawnPo.Demo.Entity", "KeyshawnPo.Demo.Entity\KeyshawnPo.Demo.Entity\KeyshawnPo.Demo.Entity.csproj", "{6DEA0567-B716-483E-AC8F-B9426E89BC17}"
EndProject
Project("{FAE04EC0-301F-11D3-BF4B-00C04F79EFBC}") = "KeyshawnPo.Demo.Console", "KeyshawnPo.Demo.Console\KeyshawnPo.Demo.Console\KeyshawnPo.Demo.Console.csproj", "{46F408FA-F8AB-46F3-89EF-AD65A2A1D4A4}"
EndProject
Project("{FAE04EC0-301F-11D3-BF4B-00C04F79EFBC}") = "KeyshawnPo.Demo.Winform", "KeyshawnPo.Demo.Winform\KeyshawnPo.Demo.Winform\KeyshawnPo.Demo.Winform.csproj", "{323FAFAF-3BA7-44FC-BE74-40CC87AA29F9}"
EndProject
Project("{FAE04EC0-301F-11D3-BF4B-00C04F79EFBC}") = "Quartz.2010", "Quartz\Quartz.2010.csproj", "{AEF8823B-E45B-4B35-A4D0-C08C1196D017}"
EndProject
Project("{FAE04EC0-301F-11D3-BF4B-00C04F79EFBC}") = "KeyshawnPo.Demo.Log4Net", "KeyshawnPo.Demo.Log4Net\KeyshawnPo.Demo.Log4Net\KeyshawnPo.Demo.Log4Net.csproj", "{4859025C-9F2E-468B-87F9-F89C4D920703}"
EndProject
Project("{2150E333-8FDC-42A3-9474-1A3956D46DE8}") = "KeyshawnPo.Demo.Archtect", "KeyshawnPo.Demo.Archtect", "{E5360EC2-370E-4A5A-846E-0BAC1F1891C6}"
EndProject
Project("{2150E333-8FDC-42A3-9474-1A3956D46DE8}") = "Log4Net", "Log4Net", "{660784A4-A527-49BA-8D5B-24126223147A}"
EndProject
Project("{2150E333-8FDC-42A3-9474-1A3956D46DE8}") = "Quartz", "Quartz", "{4FEF6C0C-FF1E-4DF5-A6E3-8CA92E9F5C19}"
EndProject
Project("{FAE04EC0-301F-11D3-BF4B-00C04F79EFBC}") = "KeyshawnPo.Demo.QuartzConsole", "KeyshawnPo.Demo.QuartzConsole\KeyshawnPo.Demo.QuartzConsole\KeyshawnPo.Demo.QuartzConsole.csproj", "{A5E428E0-40D3-4513-9633-482DF452E522}"
EndProject
Project("{2150E333-8FDC-42A3-9474-1A3956D46DE8}") = "HtmlFactory", "HtmlFactory", "{C86EF773-CDF1-425D-AB3F-E35A8E008869}"
EndProject
Project("{FAE04EC0-301F-11D3-BF4B-00C04F79EFBC}") = "KeyshawnPo.Demo.HtmlFactory", "KeyshawnPo.Demo.HtmlFactory\KeyshawnPo.Demo.HtmlFactory.csproj", "{306159AC-A5EC-4C73-9549-04A13B8F4E86}"
EndProject
Project("{FAE04EC0-301F-11D3-BF4B-00C04F79EFBC}") = "KeyshawnPo.HtmlEntity", "KeyshawnPo.HtmlEntity\KeyshawnPo.HtmlEntity.csproj", "{73BC6527-5A7E-4EBB-A70F-4D72CB4A14AC}"
EndProject
Project("{2150E333-8FDC-42A3-9474-1A3956D46DE8}") = "Dao.EntityFramework", "Dao.EntityFramework", "{11E641AD-3353-43CE-9F95-4CFBA3C2FB1D}"
EndProject
Project("{FAE04EC0-301F-11D3-BF4B-00C04F79EFBC}") = "KeyshawnPo.Demo.HtmlFactoryWeb", "KeyshawnPo.Demo.HtmlFactoryWeb\KeyshawnPo.Demo.HtmlFactoryWeb.csproj", "{6C84E4CE-55BC-49FF-A064-C837ADAEDA58}"
EndProject
Project("{FAE04EC0-301F-11D3-BF4B-00C04F79EFBC}") = "Dao.EntityFramework", "KeyshawnPo.Dao.EntityFramework\Dao.EntityFramework\Dao.EntityFramework.csproj", "{9855AB52-91AF-4EC4-89B8-391AB19397AB}"
EndProject
Project("{2150E333-8FDC-42A3-9474-1A3956D46DE8}") = "Dao.AdoNet", "Dao.AdoNet", "{F0FE7B8C-D9CF-425F-8CC9-6AD2B66C9DBE}"
EndProject
Project("{FAE04EC0-301F-11D3-BF4B-00C04F79EFBC}") = "Dao.AdoNet", "Dao.AdoNet\Dao.AdoNet.csproj", "{D1E34D8D-0C1B-424D-80F4-78604BC90E46}"
EndProject
Project("{FAE04EC0-301F-11D3-BF4B-00C04F79EFBC}") = "Dao.AdoNet.Winform", "Dao.AdoNet.Winform\Dao.AdoNet.Winform.csproj", "{25DEE75B-1ECA-4DCD-B11C-9C4BC47E95E9}"
EndProject
Project("{2150E333-8FDC-42A3-9474-1A3956D46DE8}") = "KeyshawnPo.Apply", "KeyshawnPo.Apply", "{2C31A030-363E-49F4-826B-93E584DB7605}"
EndProject
Project("{2150E333-8FDC-42A3-9474-1A3956D46DE8}") = "KeyshawnPo.FileCollector", "KeyshawnPo.FileCollector", "{AAA8A585-18CC-4FD8-9F50-BFBFC767F6D4}"
EndProject
Project("{FAE04EC0-301F-11D3-BF4B-00C04F79EFBC}") = "KeyshawnPo.FileCollector", "KeyshawnPo.FileCollector\KeyshawnPo.FileCollector.csproj", "{66545E18-B21D-41BC-906F-F3AAF1DAE5DF}"
EndProject
Global
	GlobalSection(SolutionConfigurationPlatforms) = preSolution
		Debug|Any CPU = Debug|Any CPU
		Release|Any CPU = Release|Any CPU
	EndGlobalSection
	GlobalSection(ProjectConfigurationPlatforms) = postSolution
		{4E7C45AC-AC71-46AB-801D-908C7DC5EF97}.Debug|Any CPU.ActiveCfg = Debug|Any CPU
		{4E7C45AC-AC71-46AB-801D-908C7DC5EF97}.Debug|Any CPU.Build.0 = Debug|Any CPU
		{4E7C45AC-AC71-46AB-801D-908C7DC5EF97}.Release|Any CPU.ActiveCfg = Release|Any CPU
		{4E7C45AC-AC71-46AB-801D-908C7DC5EF97}.Release|Any CPU.Build.0 = Release|Any CPU
		{6DEA0567-B716-483E-AC8F-B9426E89BC17}.Debug|Any CPU.ActiveCfg = Debug|Any CPU
		{6DEA0567-B716-483E-AC8F-B9426E89BC17}.Debug|Any CPU.Build.0 = Debug|Any CPU
		{6DEA0567-B716-483E-AC8F-B9426E89BC17}.Release|Any CPU.ActiveCfg = Release|Any CPU
		{6DEA0567-B716-483E-AC8F-B9426E89BC17}.Release|Any CPU.Build.0 = Release|Any CPU
		{46F408FA-F8AB-46F3-89EF-AD65A2A1D4A4}.Debug|Any CPU.ActiveCfg = Debug|Any CPU
		{46F408FA-F8AB-46F3-89EF-AD65A2A1D4A4}.Debug|Any CPU.Build.0 = Debug|Any CPU
		{46F408FA-F8AB-46F3-89EF-AD65A2A1D4A4}.Release|Any CPU.ActiveCfg = Release|Any CPU
		{46F408FA-F8AB-46F3-89EF-AD65A2A1D4A4}.Release|Any CPU.Build.0 = Release|Any CPU
		{323FAFAF-3BA7-44FC-BE74-40CC87AA29F9}.Debug|Any CPU.ActiveCfg = Debug|Any CPU
		{323FAFAF-3BA7-44FC-BE74-40CC87AA29F9}.Debug|Any CPU.Build.0 = Debug|Any CPU
		{323FAFAF-3BA7-44FC-BE74-40CC87AA29F9}.Release|Any CPU.ActiveCfg = Release|Any CPU
		{323FAFAF-3BA7-44FC-BE74-40CC87AA29F9}.Release|Any CPU.Build.0 = Release|Any CPU
		{AEF8823B-E45B-4B35-A4D0-C08C1196D017}.Debug|Any CPU.ActiveCfg = Debug|Any CPU
		{AEF8823B-E45B-4B35-A4D0-C08C1196D017}.Debug|Any CPU.Build.0 = Debug|Any CPU
		{AEF8823B-E45B-4B35-A4D0-C08C1196D017}.Release|Any CPU.ActiveCfg = Release|Any CPU
		{AEF8823B-E45B-4B35-A4D0-C08C1196D017}.Release|Any CPU.Build.0 = Release|Any CPU
		{4859025C-9F2E-468B-87F9-F89C4D920703}.Debug|Any CPU.ActiveCfg = Debug|Any CPU
		{4859025C-9F2E-468B-87F9-F89C4D920703}.Debug|Any CPU.Build.0 = Debug|Any CPU
		{4859025C-9F2E-468B-87F9-F89C4D920703}.Release|Any CPU.ActiveCfg = Release|Any CPU
		{4859025C-9F2E-468B-87F9-F89C4D920703}.Release|Any CPU.Build.0 = Release|Any CPU
		{A5E428E0-40D3-4513-9633-482DF452E522}.Debug|Any CPU.ActiveCfg = Debug|Any CPU
		{A5E428E0-40D3-4513-9633-482DF452E522}.Debug|Any CPU.Build.0 = Debug|Any CPU
		{A5E428E0-40D3-4513-9633-482DF452E522}.Release|Any CPU.ActiveCfg = Release|Any CPU
		{A5E428E0-40D3-4513-9633-482DF452E522}.Release|Any CPU.Build.0 = Release|Any CPU
		{306159AC-A5EC-4C73-9549-04A13B8F4E86}.Debug|Any CPU.ActiveCfg = Debug|Any CPU
		{306159AC-A5EC-4C73-9549-04A13B8F4E86}.Debug|Any CPU.Build.0 = Debug|Any CPU
		{306159AC-A5EC-4C73-9549-04A13B8F4E86}.Release|Any CPU.ActiveCfg = Release|Any CPU
		{306159AC-A5EC-4C73-9549-04A13B8F4E86}.Release|Any CPU.Build.0 = Release|Any CPU
		{73BC6527-5A7E-4EBB-A70F-4D72CB4A14AC}.Debug|Any CPU.ActiveCfg = Debug|Any CPU
		{73BC6527-5A7E-4EBB-A70F-4D72CB4A14AC}.Debug|Any CPU.Build.0 = Debug|Any CPU
		{73BC6527-5A7E-4EBB-A70F-4D72CB4A14AC}.Release|Any CPU.ActiveCfg = Release|Any CPU
		{73BC6527-5A7E-4EBB-A70F-4D72CB4A14AC}.Release|Any CPU.Build.0 = Release|Any CPU
		{6C84E4CE-55BC-49FF-A064-C837ADAEDA58}.Debug|Any CPU.ActiveCfg = Debug|Any CPU
		{6C84E4CE-55BC-49FF-A064-C837ADAEDA58}.Debug|Any CPU.Build.0 = Debug|Any CPU
		{6C84E4CE-55BC-49FF-A064-C837ADAEDA58}.Release|Any CPU.ActiveCfg = Release|Any CPU
		{6C84E4CE-55BC-49FF-A064-C837ADAEDA58}.Release|Any CPU.Build.0 = Release|Any CPU
		{9855AB52-91AF-4EC4-89B8-391AB19397AB}.Debug|Any CPU.ActiveCfg = Debug|Any CPU
		{9855AB52-91AF-4EC4-89B8-391AB19397AB}.Debug|Any CPU.Build.0 = Debug|Any CPU
		{9855AB52-91AF-4EC4-89B8-391AB19397AB}.Release|Any CPU.ActiveCfg = Release|Any CPU
		{9855AB52-91AF-4EC4-89B8-391AB19397AB}.Release|Any CPU.Build.0 = Release|Any CPU
		{D1E34D8D-0C1B-424D-80F4-78604BC90E46}.Debug|Any CPU.ActiveCfg = Debug|Any CPU
		{D1E34D8D-0C1B-424D-80F4-78604BC90E46}.Debug|Any CPU.Build.0 = Debug|Any CPU
		{D1E34D8D-0C1B-424D-80F4-78604BC90E46}.Release|Any CPU.ActiveCfg = Release|Any CPU
		{D1E34D8D-0C1B-424D-80F4-78604BC90E46}.Release|Any CPU.Build.0 = Release|Any CPU
		{25DEE75B-1ECA-4DCD-B11C-9C4BC47E95E9}.Debug|Any CPU.ActiveCfg = Debug|Any CPU
		{25DEE75B-1ECA-4DCD-B11C-9C4BC47E95E9}.Debug|Any CPU.Build.0 = Debug|Any CPU
		{25DEE75B-1ECA-4DCD-B11C-9C4BC47E95E9}.Release|Any CPU.ActiveCfg = Release|Any CPU
		{25DEE75B-1ECA-4DCD-B11C-9C4BC47E95E9}.Release|Any CPU.Build.0 = Release|Any CPU
		{66545E18-B21D-41BC-906F-F3AAF1DAE5DF}.Debug|Any CPU.ActiveCfg = Debug|Any CPU
		{66545E18-B21D-41BC-906F-F3AAF1DAE5DF}.Debug|Any CPU.Build.0 = Debug|Any CPU
		{66545E18-B21D-41BC-906F-F3AAF1DAE5DF}.Release|Any CPU.ActiveCfg = Release|Any CPU
		{66545E18-B21D-41BC-906F-F3AAF1DAE5DF}.Release|Any CPU.Build.0 = Release|Any CPU
	EndGlobalSection
	GlobalSection(SolutionProperties) = preSolution
		HideSolutionNode = FALSE
	EndGlobalSection
	GlobalSection(NestedProjects) = preSolution
		{AEF8823B-E45B-4B35-A4D0-C08C1196D017} = {4FEF6C0C-FF1E-4DF5-A6E3-8CA92E9F5C19}
		{4859025C-9F2E-468B-87F9-F89C4D920703} = {660784A4-A527-49BA-8D5B-24126223147A}
		{660784A4-A527-49BA-8D5B-24126223147A} = {E5360EC2-370E-4A5A-846E-0BAC1F1891C6}
		{4FEF6C0C-FF1E-4DF5-A6E3-8CA92E9F5C19} = {E5360EC2-370E-4A5A-846E-0BAC1F1891C6}
		{A5E428E0-40D3-4513-9633-482DF452E522} = {4FEF6C0C-FF1E-4DF5-A6E3-8CA92E9F5C19}
		{C86EF773-CDF1-425D-AB3F-E35A8E008869} = {E5360EC2-370E-4A5A-846E-0BAC1F1891C6}
		{306159AC-A5EC-4C73-9549-04A13B8F4E86} = {C86EF773-CDF1-425D-AB3F-E35A8E008869}
		{73BC6527-5A7E-4EBB-A70F-4D72CB4A14AC} = {C86EF773-CDF1-425D-AB3F-E35A8E008869}
		{11E641AD-3353-43CE-9F95-4CFBA3C2FB1D} = {E5360EC2-370E-4A5A-846E-0BAC1F1891C6}
		{6C84E4CE-55BC-49FF-A064-C837ADAEDA58} = {C86EF773-CDF1-425D-AB3F-E35A8E008869}
		{9855AB52-91AF-4EC4-89B8-391AB19397AB} = {11E641AD-3353-43CE-9F95-4CFBA3C2FB1D}
		{F0FE7B8C-D9CF-425F-8CC9-6AD2B66C9DBE} = {E5360EC2-370E-4A5A-846E-0BAC1F1891C6}
		{D1E34D8D-0C1B-424D-80F4-78604BC90E46} = {F0FE7B8C-D9CF-425F-8CC9-6AD2B66C9DBE}
		{25DEE75B-1ECA-4DCD-B11C-9C4BC47E95E9} = {F0FE7B8C-D9CF-425F-8CC9-6AD2B66C9DBE}
		{AAA8A585-18CC-4FD8-9F50-BFBFC767F6D4} = {2C31A030-363E-49F4-826B-93E584DB7605}
		{66545E18-B21D-41BC-906F-F3AAF1DAE5DF} = {AAA8A585-18CC-4FD8-9F50-BFBFC767F6D4}
	EndGlobalSection
EndGlobal
