
Microsoft Visual Studio Solution File, Format Version 12.00
# Visual Studio 15
VisualStudioVersion = 15.0.27703.2026
MinimumVisualStudioVersion = 10.0.40219.1
Project("{FAE04EC0-301F-11D3-BF4B-00C04F79EFBC}") = "KeyshawnPo.SwaggerDemo", "KeyshawnPo.SwaggerDemo\KeyshawnPo.SwaggerDemo.csproj", "{153A7566-B8DC-46B4-AC27-D25B072BE0CC}"
EndProject
Global
	GlobalSection(SolutionConfigurationPlatforms) = preSolution
		Debug|Any CPU = Debug|Any CPU
		Release|Any CPU = Release|Any CPU
	EndGlobalSection
	GlobalSection(ProjectConfigurationPlatforms) = postSolution
		{153A7566-B8DC-46B4-AC27-D25B072BE0CC}.Debug|Any CPU.ActiveCfg = Debug|Any CPU
		{153A7566-B8DC-46B4-AC27-D25B072BE0CC}.Debug|Any CPU.Build.0 = Debug|Any CPU
		{153A7566-B8DC-46B4-AC27-D25B072BE0CC}.Release|Any CPU.ActiveCfg = Release|Any CPU
		{153A7566-B8DC-46B4-AC27-D25B072BE0CC}.Release|Any CPU.Build.0 = Release|Any CPU
	EndGlobalSection
	GlobalSection(SolutionProperties) = preSolution
		HideSolutionNode = FALSE
	EndGlobalSection
	GlobalSection(ExtensibilityGlobals) = postSolution
		SolutionGuid = {4956C1AC-0A86-4BC9-ACE2-3E21D51C40F1}
	EndGlobalSection
EndGlobal
