
Microsoft Visual Studio Solution File, Format Version 12.00
# Visual Studio 15
VisualStudioVersion = 15.0.27703.2042
MinimumVisualStudioVersion = 10.0.40219.1
Project("{FAE04EC0-301F-11D3-BF4B-00C04F79EFBC}") = "KeyshawnPo.BootstrapDemo", "KeyshawnPo.BootstrapDemo\KeyshawnPo.BootstrapDemo.csproj", "{FAC22D73-3CEC-4723-8DAE-1481E7287FB9}"
EndProject
Global
	GlobalSection(SolutionConfigurationPlatforms) = preSolution
		Debug|Any CPU = Debug|Any CPU
		Release|Any CPU = Release|Any CPU
	EndGlobalSection
	GlobalSection(ProjectConfigurationPlatforms) = postSolution
		{FAC22D73-3CEC-4723-8DAE-1481E7287FB9}.Debug|Any CPU.ActiveCfg = Debug|Any CPU
		{FAC22D73-3CEC-4723-8DAE-1481E7287FB9}.Debug|Any CPU.Build.0 = Debug|Any CPU
		{FAC22D73-3CEC-4723-8DAE-1481E7287FB9}.Release|Any CPU.ActiveCfg = Release|Any CPU
		{FAC22D73-3CEC-4723-8DAE-1481E7287FB9}.Release|Any CPU.Build.0 = Release|Any CPU
	EndGlobalSection
	GlobalSection(SolutionProperties) = preSolution
		HideSolutionNode = FALSE
	EndGlobalSection
	GlobalSection(ExtensibilityGlobals) = postSolution
		SolutionGuid = {61599C50-F0B1-42E7-A7AA-0ED1E580E362}
	EndGlobalSection
EndGlobal
