
Microsoft Visual Studio Solution File, Format Version 12.00
# Visual Studio 15
VisualStudioVersion = 15.0.27703.2042
MinimumVisualStudioVersion = 10.0.40219.1
Project("{FAE04EC0-301F-11D3-BF4B-00C04F79EFBC}") = "KeyshawnPo.Application", "KeyshawnPo.Application\KeyshawnPo.Application.csproj", "{6490C70F-8D6A-4408-9CE5-A6592B6F59B7}"
EndProject
Project("{FAE04EC0-301F-11D3-BF4B-00C04F79EFBC}") = "KeyshawnPo.Infrastructure", "KeyshawnPo.Infrastructure\KeyshawnPo.Infrastructure.csproj", "{8EC163FB-7712-41A7-9FAA-74E791B984BE}"
EndProject
Project("{FAE04EC0-301F-11D3-BF4B-00C04F79EFBC}") = "KeyshawnPo.Model", "KeyshawnPo.Model\KeyshawnPo.Model.csproj", "{B8C8D941-005A-4FCB-895A-3B36AC4A4578}"
EndProject
Global
	GlobalSection(SolutionConfigurationPlatforms) = preSolution
		Debug|Any CPU = Debug|Any CPU
		Release|Any CPU = Release|Any CPU
	EndGlobalSection
	GlobalSection(ProjectConfigurationPlatforms) = postSolution
		{6490C70F-8D6A-4408-9CE5-A6592B6F59B7}.Debug|Any CPU.ActiveCfg = Debug|Any CPU
		{6490C70F-8D6A-4408-9CE5-A6592B6F59B7}.Debug|Any CPU.Build.0 = Debug|Any CPU
		{6490C70F-8D6A-4408-9CE5-A6592B6F59B7}.Release|Any CPU.ActiveCfg = Release|Any CPU
		{6490C70F-8D6A-4408-9CE5-A6592B6F59B7}.Release|Any CPU.Build.0 = Release|Any CPU
		{8EC163FB-7712-41A7-9FAA-74E791B984BE}.Debug|Any CPU.ActiveCfg = Debug|Any CPU
		{8EC163FB-7712-41A7-9FAA-74E791B984BE}.Debug|Any CPU.Build.0 = Debug|Any CPU
		{8EC163FB-7712-41A7-9FAA-74E791B984BE}.Release|Any CPU.ActiveCfg = Release|Any CPU
		{8EC163FB-7712-41A7-9FAA-74E791B984BE}.Release|Any CPU.Build.0 = Release|Any CPU
		{B8C8D941-005A-4FCB-895A-3B36AC4A4578}.Debug|Any CPU.ActiveCfg = Debug|Any CPU
		{B8C8D941-005A-4FCB-895A-3B36AC4A4578}.Debug|Any CPU.Build.0 = Debug|Any CPU
		{B8C8D941-005A-4FCB-895A-3B36AC4A4578}.Release|Any CPU.ActiveCfg = Release|Any CPU
		{B8C8D941-005A-4FCB-895A-3B36AC4A4578}.Release|Any CPU.Build.0 = Release|Any CPU
	EndGlobalSection
	GlobalSection(SolutionProperties) = preSolution
		HideSolutionNode = FALSE
	EndGlobalSection
	GlobalSection(ExtensibilityGlobals) = postSolution
		SolutionGuid = {C2BEA40B-0EAB-474E-94D7-97DAD2FF8347}
	EndGlobalSection
EndGlobal
